
Microsoft Visual Studio Solution File, Format Version 12.00
# Visual Studio Version 17
VisualStudioVersion = 17.4.33403.182
MinimumVisualStudioVersion = 10.0.40219.1
Project("{FAE04EC0-301F-11D3-BF4B-00C04F79EFBC}") = "AnimeFuns", "AnimeFuns.csproj", "{7FA03805-ED33-4F56-AFFD-8206C2BCDFAD}"
EndProject
Global
	GlobalSection(SolutionConfigurationPlatforms) = preSolution
		Debug|Any CPU = Debug|Any CPU
		Release|Any CPU = Release|Any CPU
	EndGlobalSection
	GlobalSection(ProjectConfigurationPlatforms) = postSolution
		{7FA03805-ED33-4F56-AFFD-8206C2BCDFAD}.Debug|Any CPU.ActiveCfg = Debug|Any CPU
		{7FA03805-ED33-4F56-AFFD-8206C2BCDFAD}.Debug|Any CPU.Build.0 = Debug|Any CPU
		{7FA03805-ED33-4F56-AFFD-8206C2BCDFAD}.Release|Any CPU.ActiveCfg = Release|Any CPU
		{7FA03805-ED33-4F56-AFFD-8206C2BCDFAD}.Release|Any CPU.Build.0 = Release|Any CPU
	EndGlobalSection
	GlobalSection(SolutionProperties) = preSolution
		HideSolutionNode = FALSE
	EndGlobalSection
	GlobalSection(ExtensibilityGlobals) = postSolution
		SolutionGuid = {3DCE5D72-26D7-401B-81F2-611C4E983B57}
	EndGlobalSection
EndGlobal
